// !$*UTF8*$!
{
	archiveVersion = 1;
	classes = {
	};
	objectVersion = 46;
	objects = {

/* Begin PBXBuildFile section */
		F2985B1A1D816A05007EF358 /* AppDelegate.swift in Sources */ = {isa = PBXBuildFile; fileRef = F2985B191D816A05007EF358 /* AppDelegate.swift */; };
		F2985B1C1D816A05007EF358 /* ViewController.swift in Sources */ = {isa = PBXBuildFile; fileRef = F2985B1B1D816A05007EF358 /* ViewController.swift */; };
		F2985B1F1D816A05007EF358 /* Main.storyboard in Resources */ = {isa = PBXBuildFile; fileRef = F2985B1D1D816A05007EF358 /* Main.storyboard */; };
		F2985B211D816A05007EF358 /* Assets.xcassets in Resources */ = {isa = PBXBuildFile; fileRef = F2985B201D816A05007EF358 /* Assets.xcassets */; };
		F2985B241D816A05007EF358 /* LaunchScreen.storyboard in Resources */ = {isa = PBXBuildFile; fileRef = F2985B221D816A05007EF358 /* LaunchScreen.storyboard */; };
/* End PBXBuildFile section */

/* Begin PBXFileReference section */
		F2985B161D816A05007EF358 /* 渐变色.app */ = {isa = PBXFileReference; explicitFileType = wrapper.application; includeInIndex = 0; path = "渐变色.app"; sourceTree = BUILT_PRODUCTS_DIR; };
		F2985B191D816A05007EF358 /* AppDelegate.swift */ = {isa = PBXFileReference; lastKnownFileType = sourcecode.swift; path = AppDelegate.swift; sourceTree = "<group>"; };
		F2985B1B1D816A05007EF358 /* ViewController.swift */ = {isa = PBXFileReference; lastKnownFileType = sourcecode.swift; path = ViewController.swift; sourceTree = "<group>"; };
		F2985B1E1D816A05007EF358 /* Base */ = {isa = PBXFileReference; lastKnownFileType = file.storyboard; name = Base; path = Base.lproj/Main.storyboard; sourceTree = "<group>"; };
		F2985B201D816A05007EF358 /* Assets.xcassets */ = {isa = PBXFileReference; lastKnownFileType = folder.assetcatalog; path = Assets.xcassets; sourceTree = "<group>"; };
		F2985B231D816A05007EF358 /* Base */ = {isa = PBXFileReference; lastKnownFileType = file.storyboard; name = Base; path = Base.lproj/LaunchScreen.storyboard; sourceTree = "<group>"; };
		F2985B251D816A05007EF358 /* Info.plist */ = {isa = PBXFileReference; lastKnownFileType = text.plist.xml; path = Info.plist; sourceTree = "<group>"; };
/* End PBXFileReference section */

/* Begin PBXFrameworksBuildPhase section */
		F2985B131D816A05007EF358 /* Frameworks */ = {
			isa = PBXFrameworksBuildPhase;
			buildActionMask = 2147483647;
			files = (
			);
			runOnlyForDeploymentPostprocessing = 0;
		};
/* End PBXFrameworksBuildPhase section */

/* Begin PBXGroup section */
		F2985B0D1D816A05007EF358 = {
			isa = PBXGroup;
			children = (
				F2985B181D816A05007EF358 /* 渐变色 */,
				F2985B171D816A05007EF358 /* Products */,
			);
			sourceTree = "<group>";
		};
		F2985B171D816A05007EF358 /* Products */ = {
			isa = PBXGroup;
			children = (
				F2985B161D816A05007EF358 /* 渐变色.app */,
			);
			name = Products;
			sourceTree = "<group>";
		};
		F2985B181D816A05007EF358 /* 渐变色 */ = {
			isa = PBXGroup;
			children = (
				F2985B191D816A05007EF358 /* AppDelegate.swift */,
				F2985B1B1D816A05007EF358 /* ViewController.swift */,
				F2985B1D1D816A05007EF358 /* Main.storyboard */,
				F2985B201D816A05007EF358 /* Assets.xcassets */,
				F2985B221D816A05007EF358 /* LaunchScreen.storyboard */,
				F2985B251D816A05007EF358 /* Info.plist */,
			);
			path = "渐变色";
			sourceTree = "<group>";
		};
/* End PBXGroup section */

/* Begin PBXNativeTarget section */
		F2985B151D816A05007EF358 /* 渐变色 */ = {
			isa = PBXNativeTarget;
			buildConfigurationList = F2985B281D816A05007EF358 /* Build configuration list for PBXNativeTarget "渐变色" */;
			buildPhases = (
				F2985B121D816A05007EF358 /* Sources */,
				F2985B131D816A05007EF358 /* Frameworks */,
				F2985B141D816A05007EF358 /* Resources */,
			);
			buildRules = (
			);
			dependencies = (
			);
			name = "渐变色";
			productName = "渐变色";
			productReference = F2985B161D816A05007EF358 /* 渐变色.app */;
			productType = "com.apple.product-type.application";
		};
/* End PBXNativeTarget section */

/* Begin PBXProject section */
		F2985B0E1D816A05007EF358 /* Project object */ = {
			isa = PBXProject;
			attributes = {
				LastSwiftUpdateCheck = 0730;
				LastUpgradeCheck = 0730;
				ORGANIZATIONNAME = xqzh;
				TargetAttributes = {
					F2985B151D816A05007EF358 = {
						CreatedOnToolsVersion = 7.3.1;
					};
				};
			};
			buildConfigurationList = F2985B111D816A05007EF358 /* Build configuration list for PBXProject "渐变色" */;
			compatibilityVersion = "Xcode 3.2";
			developmentRegion = English;
			hasScannedForEncodings = 0;
			knownRegions = (
				en,
				Base,
			);
			mainGroup = F2985B0D1D816A05007EF358;
			productRefGroup = F2985B171D816A05007EF358 /* Products */;
			projectDirPath = "";
			projectRoot = "";
			targets = (
				F2985B151D816A05007EF358 /* 渐变色 */,
			);
		};
/* End PBXProject section */

/* Begin PBXResourcesBuildPhase section */
		F2985B141D816A05007EF358 /* Resources */ = {
			isa = PBXResourcesBuildPhase;
			buildActionMask = 2147483647;
			files = (
				F2985B241D816A05007EF358 /* LaunchScreen.storyboard in Resources */,
				F2985B211D816A05007EF358 /* Assets.xcassets in Resources */,
				F2985B1F1D816A05007EF358 /* Main.storyboard in Resources */,
			);
			runOnlyForDeploymentPostprocessing = 0;
		};
/* End PBXResourcesBuildPhase section */

/* Begin PBXSourcesBuildPhase section */
		F2985B121D816A05007EF358 /* Sources */ = {
			isa = PBXSourcesBuildPhase;
			buildActionMask = 2147483647;
			files = (
				F2985B1C1D816A05007EF358 /* ViewController.swift in Sources */,
				F2985B1A1D816A05007EF358 /* AppDelegate.swift in Sources */,
			);
			runOnlyForDeploymentPostprocessing = 0;
		};
/* End PBXSourcesBuildPhase section */

/* Begin PBXVariantGroup section */
		F2985B1D1D816A05007EF358 /* Main.storyboard */ = {
			isa = PBXVariantGroup;
			children = (
				F2985B1E1D816A05007EF358 /* Base */,
			);
			name = Main.storyboard;
			sourceTree = "<group>";
		};
		F2985B221D816A05007EF358 /* LaunchScreen.storyboard */ = {
			isa = PBXVariantGroup;
			children = (
				F2985B231D816A05007EF358 /* Base */,
			);
			name = LaunchScreen.storyboard;
			sourceTree = "<group>";
		};
/* End PBXVariantGroup section */

/* Begin XCBuildConfiguration section */
		F2985B261D816A05007EF358 /* Debug */ = {
			isa = XCBuildConfiguration;
			buildSettings = {
				ALWAYS_SEARCH_USER_PATHS = NO;
				CLANG_ANALYZER_NONNULL = YES;
				CLANG_CXX_LANGUAGE_STANDARD = "gnu++0x";
				CLANG_CXX_LIBRARY = "libc++";
				CLANG_ENABLE_MODULES = YES;
				CLANG_ENABLE_OBJC_ARC = YES;
				CLANG_WARN_BOOL_CONVERSION = YES;
				CLANG_WARN_CONSTANT_CONVERSION = YES;
				CLANG_WARN_DIRECT_OBJC_ISA_USAGE = YES_ERROR;
				CLANG_WARN_EMPTY_BODY = YES;
				CLANG_WARN_ENUM_CONVERSION = YES;
				CLANG_WARN_INT_CONVERSION = YES;
				CLANG_WARN_OBJC_ROOT_CLASS = YES_ERROR;
				CLANG_WARN_UNREACHABLE_CODE = YES;
				CLANG_WARN__DUPLICATE_METHOD_MATCH = YES;
				"CODE_SIGN_IDENTITY[sdk=iphoneos*]" = "iPhone Developer";
				COPY_PHASE_STRIP = NO;
				DEBUG_INFORMATION_FORMAT = dwarf;
				ENABLE_STRICT_OBJC_MSGSEND = YES;
				ENABLE_TESTABILITY = YES;
				GCC_C_LANGUAGE_STANDARD = gnu99;
				GCC_DYNAMIC_NO_PIC = NO;
				GCC_NO_COMMON_BLOCKS = YES;
				GCC_OPTIMIZATION_LEVEL = 0;
				GCC_PREPROCESSOR_DEFINITIONS = (
					"DEBUG=1",
					"$(inherited)",
				);
				GCC_WARN_64_TO_32_BIT_CONVERSION = YES;
				GCC_WARN_ABOUT_RETURN_TYPE = YES_ERROR;
				GCC_WARN_UNDECLARED_SELECTOR = YES;
				GCC_WARN_UNINITIALIZED_AUTOS = YES_AGGRESSIVE;
				GCC_WARN_UNUSED_FUNCTION = YES;
				GCC_WARN_UNUSED_VARIABLE = YES;
				IPHONEOS_DEPLOYMENT_TARGET = 9.3;
				MTL_ENABLE_DEBUG_INFO = YES;
				ONLY_ACTIVE_ARCH = YES;
				SDKROOT = iphoneos;
				SWIFT_OPTIMIZATION_LEVEL = "-Onone";
				TARGETED_DEVICE_FAMILY = "1,2";
			};
			name = Debug;
		};
		F2985B271D816A05007EF358 /* Release */ = {
			isa = XCBuildConfiguration;
			buildSettings = {
				ALWAYS_SEARCH_USER_PATHS = NO;
				CLANG_ANALYZER_NONNULL = YES;
				CLANG_CXX_LANGUAGE_STANDARD = "gnu++0x";
				CLANG_CXX_LIBRARY = "libc++";
				CLANG_ENABLE_MODULES = YES;
				CLANG_ENABLE_OBJC_ARC = YES;
				CLANG_WARN_BOOL_CONVERSION = YES;
				CLANG_WARN_CONSTANT_CONVERSION = YES;
				CLANG_WARN_DIRECT_OBJC_ISA_USAGE = YES_ERROR;
				CLANG_WARN_EMPTY_BODY = YES;
				CLANG_WARN_ENUM_CONVERSION = YES;
				CLANG_WARN_INT_CONVERSION = YES;
				CLANG_WARN_OBJC_ROOT_CLASS = YES_ERROR;
				CLANG_WARN_UNREACHABLE_CODE = YES;
				CLANG_WARN__DUPLICATE_METHOD_MATCH = YES;
				"CODE_SIGN_IDENTITY[sdk=iphoneos*]" = "iPhone Developer";
				COPY_PHASE_STRIP = NO;
				DEBUG_INFORMATION_FORMAT = "dwarf-with-dsym";
				ENABLE_NS_ASSERTIONS = NO;
				ENABLE_STRICT_OBJC_MSGSEND = YES;
				GCC_C_LANGUAGE_STANDARD = gnu99;
				GCC_NO_COMMON_BLOCKS = YES;
				GCC_WARN_64_TO_32_BIT_CONVERSION = YES;
				GCC_WARN_ABOUT_RETURN_TYPE = YES_ERROR;
				GCC_WARN_UNDECLARED_SELECTOR = YES;
				GCC_WARN_UNINITIALIZED_AUTOS = YES_AGGRESSIVE;
				GCC_WARN_UNUSED_FUNCTION = YES;
				GCC_WARN_UNUSED_VARIABLE = YES;
				IPHONEOS_DEPLOYMENT_TARGET = 9.3;
				MTL_ENABLE_DEBUG_INFO = NO;
				SDKROOT = iphoneos;
				TARGETED_DEVICE_FAMILY = "1,2";
				VALIDATE_PRODUCT = YES;
			};
			name = Release;
		};
		F2985B291D816A05007EF358 /* Debug */ = {
			isa = XCBuildConfiguration;
			buildSettings = {
				ASSETCATALOG_COMPILER_APPICON_NAME = AppIcon;
				INFOPLIST_FILE = "渐变色/Info.plist";
				LD_RUNPATH_SEARCH_PATHS = "$(inherited) @executable_path/Frameworks";
				PRODUCT_BUNDLE_IDENTIFIER = "com.zxq.---";
				PRODUCT_NAME = "$(TARGET_NAME)";
			};
			name = Debug;
		};
		F2985B2A1D816A05007EF358 /* Release */ = {
			isa = XCBuildConfiguration;
			buildSettings = {
				ASSETCATALOG_COMPILER_APPICON_NAME = AppIcon;
				INFOPLIST_FILE = "渐变色/Info.plist";
				LD_RUNPATH_SEARCH_PATHS = "$(inherited) @executable_path/Frameworks";
				PRODUCT_BUNDLE_IDENTIFIER = "com.zxq.---";
				PRODUCT_NAME = "$(TARGET_NAME)";
			};
			name = Release;
		};
/* End XCBuildConfiguration section */

/* Begin XCConfigurationList section */
		F2985B111D816A05007EF358 /* Build configuration list for PBXProject "渐变色" */ = {
			isa = XCConfigurationList;
			buildConfigurations = (
				F2985B261D816A05007EF358 /* Debug */,
				F2985B271D816A05007EF358 /* Release */,
			);
			defaultConfigurationIsVisible = 0;
			defaultConfigurationName = Release;
		};
		F2985B281D816A05007EF358 /* Build configuration list for PBXNativeTarget "渐变色" */ = {
			isa = XCConfigurationList;
			buildConfigurations = (
				F2985B291D816A05007EF358 /* Debug */,
				F2985B2A1D816A05007EF358 /* Release */,
			);
			defaultConfigurationIsVisible = 0;
		};
/* End XCConfigurationList section */
	};
	rootObject = F2985B0E1D816A05007EF358 /* Project object */;
}
